
Microsoft Visual Studio Solution File, Format Version 12.00
# Visual Studio Version 16
VisualStudioVersion = 16.0.31005.135
MinimumVisualStudioVersion = 10.0.40219.1
Project("{FAE04EC0-301F-11D3-BF4B-00C04F79EFBC}") = "ContactsAppUI", "ContactsAppUI\ContactsAppUI.csproj", "{50FE4F23-CEB9-44D1-951B-FEB661466BDE}"
EndProject
Project("{FAE04EC0-301F-11D3-BF4B-00C04F79EFBC}") = "ContactsApp", "ContactsApp\ContactsApp.csproj", "{DB793EA6-D498-4545-838D-7B4E046D6422}"
EndProject
Project("{FAE04EC0-301F-11D3-BF4B-00C04F79EFBC}") = "ContactsApp.UnitTests", "NUnitTestContactsApp\ContactsApp.UnitTests.csproj", "{C8551A5A-3597-4140-8A83-03F28FFA0705}"
EndProject
Global
	GlobalSection(SolutionConfigurationPlatforms) = preSolution
		Debug|Any CPU = Debug|Any CPU
		Release|Any CPU = Release|Any CPU
	EndGlobalSection
	GlobalSection(ProjectConfigurationPlatforms) = postSolution
		{50FE4F23-CEB9-44D1-951B-FEB661466BDE}.Debug|Any CPU.ActiveCfg = Debug|Any CPU
		{50FE4F23-CEB9-44D1-951B-FEB661466BDE}.Debug|Any CPU.Build.0 = Debug|Any CPU
		{50FE4F23-CEB9-44D1-951B-FEB661466BDE}.Release|Any CPU.ActiveCfg = Release|Any CPU
		{50FE4F23-CEB9-44D1-951B-FEB661466BDE}.Release|Any CPU.Build.0 = Release|Any CPU
		{DB793EA6-D498-4545-838D-7B4E046D6422}.Debug|Any CPU.ActiveCfg = Debug|Any CPU
		{DB793EA6-D498-4545-838D-7B4E046D6422}.Debug|Any CPU.Build.0 = Debug|Any CPU
		{DB793EA6-D498-4545-838D-7B4E046D6422}.Release|Any CPU.ActiveCfg = Release|Any CPU
		{DB793EA6-D498-4545-838D-7B4E046D6422}.Release|Any CPU.Build.0 = Release|Any CPU
		{C8551A5A-3597-4140-8A83-03F28FFA0705}.Debug|Any CPU.ActiveCfg = Debug|Any CPU
		{C8551A5A-3597-4140-8A83-03F28FFA0705}.Debug|Any CPU.Build.0 = Debug|Any CPU
		{C8551A5A-3597-4140-8A83-03F28FFA0705}.Release|Any CPU.ActiveCfg = Release|Any CPU
		{C8551A5A-3597-4140-8A83-03F28FFA0705}.Release|Any CPU.Build.0 = Release|Any CPU
	EndGlobalSection
	GlobalSection(SolutionProperties) = preSolution
		HideSolutionNode = FALSE
	EndGlobalSection
	GlobalSection(ExtensibilityGlobals) = postSolution
		SolutionGuid = {342E2252-293E-4294-A963-D8D7F2314BA5}
	EndGlobalSection
EndGlobal
